
Microsoft Visual Studio Solution File, Format Version 12.00
# Visual Studio Version 17
VisualStudioVersion = 17.13.35825.156 d17.13
MinimumVisualStudioVersion = 10.0.40219.1
Project("{FAE04EC0-301F-11D3-BF4B-00C04F79EFBC}") = "InventariApp", "InventariApp.csproj", "{2AB03F7D-0578-45D9-9B87-122E2B2A53D4}"
EndProject
Global
	GlobalSection(SolutionConfigurationPlatforms) = preSolution
		Debug|Any CPU = Debug|Any CPU
		Release|Any CPU = Release|Any CPU
	EndGlobalSection
	GlobalSection(ProjectConfigurationPlatforms) = postSolution
		{2AB03F7D-0578-45D9-9B87-122E2B2A53D4}.Debug|Any CPU.ActiveCfg = Debug|Any CPU
		{2AB03F7D-0578-45D9-9B87-122E2B2A53D4}.Debug|Any CPU.Build.0 = Debug|Any CPU
		{2AB03F7D-0578-45D9-9B87-122E2B2A53D4}.Release|Any CPU.ActiveCfg = Release|Any CPU
		{2AB03F7D-0578-45D9-9B87-122E2B2A53D4}.Release|Any CPU.Build.0 = Release|Any CPU
	EndGlobalSection
	GlobalSection(SolutionProperties) = preSolution
		HideSolutionNode = FALSE
	EndGlobalSection
	GlobalSection(ExtensibilityGlobals) = postSolution
		SolutionGuid = {FB9E0744-758F-4B3E-A5DB-C01E68BB9C14}
	EndGlobalSection
EndGlobal
